
Microsoft Visual Studio Solution File, Format Version 12.00
# Visual Studio 2012
Project("{FAE04EC0-301F-11D3-BF4B-00C04F79EFBC}") = "MyApp", "MyApp\MyApp.csproj", "{19A72F3D-06C2-48D9-A486-DDF98D0D2260}"
EndProject
Project("{FAE04EC0-301F-11D3-BF4B-00C04F79EFBC}") = "MyApp.iOS", "iOS\MyApp.iOS.csproj", "{CC1462DA-221F-4A86-9E27-8CF6AB33379F}"
EndProject
Project("{FAE04EC0-301F-11D3-BF4B-00C04F79EFBC}") = "MyApp.Droid", "Droid\MyApp.Droid.csproj", "{A0729ACD-E804-4957-8556-52A9FA1410B8}"
EndProject
Global
	GlobalSection(SolutionConfigurationPlatforms) = preSolution
		Debug|Any CPU = Debug|Any CPU
		Release|Any CPU = Release|Any CPU
		Debug|iPhoneSimulator = Debug|iPhoneSimulator
		Release|iPhone = Release|iPhone
		Release|iPhoneSimulator = Release|iPhoneSimulator
		Debug|iPhone = Debug|iPhone
	EndGlobalSection
	GlobalSection(ProjectConfigurationPlatforms) = postSolution
		{19A72F3D-06C2-48D9-A486-DDF98D0D2260}.Debug|Any CPU.ActiveCfg = Debug|Any CPU
		{19A72F3D-06C2-48D9-A486-DDF98D0D2260}.Debug|Any CPU.Build.0 = Debug|Any CPU
		{19A72F3D-06C2-48D9-A486-DDF98D0D2260}.Release|Any CPU.ActiveCfg = Release|Any CPU
		{19A72F3D-06C2-48D9-A486-DDF98D0D2260}.Release|Any CPU.Build.0 = Release|Any CPU
		{19A72F3D-06C2-48D9-A486-DDF98D0D2260}.Debug|iPhoneSimulator.ActiveCfg = Debug|Any CPU
		{19A72F3D-06C2-48D9-A486-DDF98D0D2260}.Debug|iPhoneSimulator.Build.0 = Debug|Any CPU
		{19A72F3D-06C2-48D9-A486-DDF98D0D2260}.Release|iPhone.ActiveCfg = Release|Any CPU
		{19A72F3D-06C2-48D9-A486-DDF98D0D2260}.Release|iPhone.Build.0 = Release|Any CPU
		{19A72F3D-06C2-48D9-A486-DDF98D0D2260}.Release|iPhoneSimulator.ActiveCfg = Release|Any CPU
		{19A72F3D-06C2-48D9-A486-DDF98D0D2260}.Release|iPhoneSimulator.Build.0 = Release|Any CPU
		{19A72F3D-06C2-48D9-A486-DDF98D0D2260}.Debug|iPhone.ActiveCfg = Debug|Any CPU
		{19A72F3D-06C2-48D9-A486-DDF98D0D2260}.Debug|iPhone.Build.0 = Debug|Any CPU
		{CC1462DA-221F-4A86-9E27-8CF6AB33379F}.Debug|Any CPU.ActiveCfg = Debug|iPhoneSimulator
		{CC1462DA-221F-4A86-9E27-8CF6AB33379F}.Debug|Any CPU.Build.0 = Debug|iPhoneSimulator
		{CC1462DA-221F-4A86-9E27-8CF6AB33379F}.Release|Any CPU.ActiveCfg = Release|iPhone
		{CC1462DA-221F-4A86-9E27-8CF6AB33379F}.Release|Any CPU.Build.0 = Release|iPhone
		{CC1462DA-221F-4A86-9E27-8CF6AB33379F}.Debug|iPhoneSimulator.ActiveCfg = Debug|iPhoneSimulator
		{CC1462DA-221F-4A86-9E27-8CF6AB33379F}.Debug|iPhoneSimulator.Build.0 = Debug|iPhoneSimulator
		{CC1462DA-221F-4A86-9E27-8CF6AB33379F}.Release|iPhone.ActiveCfg = Release|iPhone
		{CC1462DA-221F-4A86-9E27-8CF6AB33379F}.Release|iPhone.Build.0 = Release|iPhone
		{CC1462DA-221F-4A86-9E27-8CF6AB33379F}.Release|iPhoneSimulator.ActiveCfg = Release|iPhoneSimulator
		{CC1462DA-221F-4A86-9E27-8CF6AB33379F}.Release|iPhoneSimulator.Build.0 = Release|iPhoneSimulator
		{CC1462DA-221F-4A86-9E27-8CF6AB33379F}.Debug|iPhone.ActiveCfg = Debug|iPhone
		{CC1462DA-221F-4A86-9E27-8CF6AB33379F}.Debug|iPhone.Build.0 = Debug|iPhone
		{A0729ACD-E804-4957-8556-52A9FA1410B8}.Debug|Any CPU.ActiveCfg = Debug|Any CPU
		{A0729ACD-E804-4957-8556-52A9FA1410B8}.Debug|Any CPU.Build.0 = Debug|Any CPU
		{A0729ACD-E804-4957-8556-52A9FA1410B8}.Release|Any CPU.ActiveCfg = Release|Any CPU
		{A0729ACD-E804-4957-8556-52A9FA1410B8}.Release|Any CPU.Build.0 = Release|Any CPU
		{A0729ACD-E804-4957-8556-52A9FA1410B8}.Debug|iPhoneSimulator.ActiveCfg = Debug|Any CPU
		{A0729ACD-E804-4957-8556-52A9FA1410B8}.Debug|iPhoneSimulator.Build.0 = Debug|Any CPU
		{A0729ACD-E804-4957-8556-52A9FA1410B8}.Release|iPhone.ActiveCfg = Release|Any CPU
		{A0729ACD-E804-4957-8556-52A9FA1410B8}.Release|iPhone.Build.0 = Release|Any CPU
		{A0729ACD-E804-4957-8556-52A9FA1410B8}.Release|iPhoneSimulator.ActiveCfg = Release|Any CPU
		{A0729ACD-E804-4957-8556-52A9FA1410B8}.Release|iPhoneSimulator.Build.0 = Release|Any CPU
		{A0729ACD-E804-4957-8556-52A9FA1410B8}.Debug|iPhone.ActiveCfg = Debug|Any CPU
		{A0729ACD-E804-4957-8556-52A9FA1410B8}.Debug|iPhone.Build.0 = Debug|Any CPU
	EndGlobalSection
EndGlobal
